
Microsoft Visual Studio Solution File, Format Version 12.00
# Visual Studio Version 17
VisualStudioVersion = 17.5.33627.172
MinimumVisualStudioVersion = 10.0.40219.1
Project("{F184B08F-C81C-45F6-A57F-5ABD9991F28F}") = "PrimaAplicación", "PrimaAplicación.vbproj", "{9B9FCDFC-16B5-434A-B7B1-3678B31F4AB3}"
EndProject
Global
	GlobalSection(SolutionConfigurationPlatforms) = preSolution
		Debug|Any CPU = Debug|Any CPU
		Release|Any CPU = Release|Any CPU
	EndGlobalSection
	GlobalSection(ProjectConfigurationPlatforms) = postSolution
		{9B9FCDFC-16B5-434A-B7B1-3678B31F4AB3}.Debug|Any CPU.ActiveCfg = Debug|Any CPU
		{9B9FCDFC-16B5-434A-B7B1-3678B31F4AB3}.Debug|Any CPU.Build.0 = Debug|Any CPU
		{9B9FCDFC-16B5-434A-B7B1-3678B31F4AB3}.Release|Any CPU.ActiveCfg = Release|Any CPU
		{9B9FCDFC-16B5-434A-B7B1-3678B31F4AB3}.Release|Any CPU.Build.0 = Release|Any CPU
	EndGlobalSection
	GlobalSection(SolutionProperties) = preSolution
		HideSolutionNode = FALSE
	EndGlobalSection
	GlobalSection(ExtensibilityGlobals) = postSolution
		SolutionGuid = {219739CC-9E4A-42A3-9D82-64C5716B4D3D}
	EndGlobalSection
EndGlobal
